
Microsoft Visual Studio Solution File, Format Version 12.00
# Visual Studio Version 17
VisualStudioVersion = 17.13.35818.85 d17.13
MinimumVisualStudioVersion = 10.0.40219.1
Project("{FAE04EC0-301F-11D3-BF4B-00C04F79EFBC}") = "DictationMinimal", "DictationMinimal.csproj", "{18734B03-4E31-4914-AA34-AE748067CBED}"
EndProject
Global
	GlobalSection(SolutionConfigurationPlatforms) = preSolution
		Debug|Any CPU = Debug|Any CPU
		Release|Any CPU = Release|Any CPU
	EndGlobalSection
	GlobalSection(ProjectConfigurationPlatforms) = postSolution
		{18734B03-4E31-4914-AA34-AE748067CBED}.Debug|Any CPU.ActiveCfg = Debug|Any CPU
		{18734B03-4E31-4914-AA34-AE748067CBED}.Debug|Any CPU.Build.0 = Debug|Any CPU
		{18734B03-4E31-4914-AA34-AE748067CBED}.Release|Any CPU.ActiveCfg = Release|Any CPU
		{18734B03-4E31-4914-AA34-AE748067CBED}.Release|Any CPU.Build.0 = Release|Any CPU
	EndGlobalSection
	GlobalSection(SolutionProperties) = preSolution
		HideSolutionNode = FALSE
	EndGlobalSection
	GlobalSection(ExtensibilityGlobals) = postSolution
		SolutionGuid = {88380694-3152-415F-8899-FB9FD9B17143}
	EndGlobalSection
EndGlobal
